
Microsoft Visual Studio Solution File, Format Version 12.00
# Visual Studio Version 17
VisualStudioVersion = 17.4.33103.184
MinimumVisualStudioVersion = 10.0.40219.1
Project("{FAE04EC0-301F-11D3-BF4B-00C04F79EFBC}") = "OOP_case1", "OOP_case1\OOP_case1.csproj", "{D98CC008-C719-43C8-BEFF-7F86DE7E9849}"
EndProject
Global
	GlobalSection(SolutionConfigurationPlatforms) = preSolution
		Debug|Any CPU = Debug|Any CPU
		Release|Any CPU = Release|Any CPU
	EndGlobalSection
	GlobalSection(ProjectConfigurationPlatforms) = postSolution
		{D98CC008-C719-43C8-BEFF-7F86DE7E9849}.Debug|Any CPU.ActiveCfg = Debug|Any CPU
		{D98CC008-C719-43C8-BEFF-7F86DE7E9849}.Debug|Any CPU.Build.0 = Debug|Any CPU
		{D98CC008-C719-43C8-BEFF-7F86DE7E9849}.Release|Any CPU.ActiveCfg = Release|Any CPU
		{D98CC008-C719-43C8-BEFF-7F86DE7E9849}.Release|Any CPU.Build.0 = Release|Any CPU
	EndGlobalSection
	GlobalSection(SolutionProperties) = preSolution
		HideSolutionNode = FALSE
	EndGlobalSection
	GlobalSection(ExtensibilityGlobals) = postSolution
		SolutionGuid = {0870F5A3-635E-494C-B6F0-47DCBA8B68D9}
	EndGlobalSection
EndGlobal
